    },
    "workbox-expiration": {
      "version": "6.5.4",
      "resolved": "https://registry.npmjs.org/workbox-expiration/-/workbox-expiration-6.5.4.tgz",
      "integrity": "sha512-jUP5qPOpH1nXtjGGh1fRBa1wJL2QlIb5mGpct3NzepjGG2uFFBn4iiEBiI9GUmfAFR2ApuRhDydjcRmYXddiEQ==",
      "requires": {
        "idb": "^7.0.1",
        "workbox-core": "6.5.4"
      }
    },
    "workbox-google-analytics": {
      "version": "6.5.4",
      "resolved": "https://registry.npmjs.org/workbox-google-analytics/-/workbox-google-analytics-6.5.4.tgz",
      "integrity": "sha512-8AU1WuaXsD49249Wq0B2zn4a/vvFfHkpcFfqAFHNHwln3jK9QUYmzdkKXGIZl9wyKNP+RRX30vcgcyWMcZ9VAg==",
      "requires": {
        "workbox-background-sync": "6.5.4",
        "workbox-core": "6.5.4",
        "workbox-routing": "6.5.4",
        "workbox-strategies": "6.5.4"
      }
    },
    "workbox-navigation-preload": {
      "version": "6.5.4",
      "resolved": "https://registry.npmjs.org/workbox-navigation-preload/-/workbox-navigation-preload-6.5.4.tgz",
      "integrity": "sha512-IIwf80eO3cr8h6XSQJF+Hxj26rg2RPFVUmJLUlM0+A2GzB4HFbQyKkrgD5y2d84g2IbJzP4B4j5dPBRzamHrng==",
      "requires": {
        "workbox-core": "6.5.4"
      }
    },
    "workbox-precaching": {
      "version": "6.5.4",
      "resolved": "https://registry.npmjs.org/workbox-precaching/-/workbox-precaching-6.5.4.tgz",
      "integrity": "sha512-hSMezMsW6btKnxHB4bFy2Qfwey/8SYdGWvVIKFaUm8vJ4E53JAY+U2JwLTRD8wbLWoP6OVUdFlXsTdKu9yoLTg==",
      "requires": {
        "workbox-core": "6.5.4",
        "workbox-routing": "6.5.4",
        "workbox-strategies": "6.5.4"
      }
    },
    "workbox-range-requests": {
      "version": "6.5.4",
      "resolved": "https://registry.npmjs.org/workbox-range-requests/-/workbox-range-requests-6.5.4.tgz",
      "integrity": "sha512-Je2qR1NXCFC8xVJ/Lux6saH6IrQGhMpDrPXWZWWS8n/RD+WZfKa6dSZwU+/QksfEadJEr/NfY+aP/CXFFK5JFg==",
      "requires": {
        "workbox-core": "6.5.4"
      }
    },
    "workbox-recipes": {
      "version": "6.5.4",
      "resolved": "https://registry.npmjs.org/workbox-recipes/-/workbox-recipes-6.5.4.tgz",
      "integrity": "sha512-QZNO8Ez708NNwzLNEXTG4QYSKQ1ochzEtRLGaq+mr2PyoEIC1xFW7MrWxrONUxBFOByksds9Z4//lKAX8tHyUA==",
      "requires": {
        "workbox-cacheable-response": "6.5.4",
        "workbox-core": "6.5.4",
        "workbox-expiration": "6.5.4",
        "workbox-precaching": "6.5.4",
        "workbox-routing": "6.5.4",
        "workbox-strategies": "6.5.4"
      }
    },
    "workbox-routing": {
      "version": "6.5.4",
      "resolved": "https://registry.npmjs.org/workbox-routing/-/workbox-routing-6.5.4.tgz",
      "integrity": "sha512-apQswLsbrrOsBUWtr9Lf80F+P1sHnQdYodRo32SjiByYi36IDyL2r7BH1lJtFX8fwNHDa1QOVY74WKLLS6o5Pg==",
      "requires": {
        "workbox-core": "6.5.4"
      }
    },
    "workbox-strategies": {
      "version": "6.5.4",
      "resolved": "https://registry.npmjs.org/workbox-strategies/-/workbox-strategies-6.5.4.tgz",
      "integrity": "sha512-DEtsxhx0LIYWkJBTQolRxG4EI0setTJkqR4m7r4YpBdxtWJH1Mbg01Cj8ZjNOO8etqfA3IZaOPHUxCs8cBsKLw==",
      "requires": {
        "workbox-core": "6.5.4"
      }
    },
    "workbox-streams": {
      "version": "6.5.4",
      "resolved": "https://registry.npmjs.org/workbox-streams/-/workbox-streams-6.5.4.tgz",
      "integrity": "sha512-FXKVh87d2RFXkliAIheBojBELIPnWbQdyDvsH3t74Cwhg0fDheL1T8BqSM86hZvC0ZESLsznSYWw+Va+KVbUzg==",
      "requires": {
        "workbox-core": "6.5.4",
        "workbox-routing": "6.5.4"
      }
    },
    "workbox-sw": {
      "version": "6.5.4",
      "resolved": "https://registry.npmjs.org/workbox-sw/-/workbox-sw-6.5.4.tgz",
      "integrity": "sha512-vo2RQo7DILVRoH5LjGqw3nphavEjK4Qk+FenXeUsknKn14eCNedHOXWbmnvP4ipKhlE35pvJ4yl4YYf6YsJArA=="
    },
    "workbox-webpack-plugin": {
      "version": "6.5.4",
      "resolved": "https://registry.npmjs.org/workbox-webpack-plugin/-/workbox-webpack-plugin-6.5.4.tgz",
      "integrity": "sha512-LmWm/zoaahe0EGmMTrSLUi+BjyR3cdGEfU3fS6PN1zKFYbqAKuQ+Oy/27e4VSXsyIwAw8+QDfk1XHNGtZu9nQg==",
      "requires": {
        "fast-json-stable-stringify": "^2.1.0",
        "pretty-bytes": "^5.4.1",
        "upath": "^1.2.0",
        "webpack-sources": "^1.4.3",
        "workbox-build": "6.5.4"
      },
      "dependencies": {
        "source-map": {
          "version": "0.6.1",
          "resolved": "https://registry.npmjs.org/source-map/-/source-map-0.6.1.tgz",
          "integrity": "sha512-UjgapumWlbMhkBgzT7Ykc5YXUT46F0iKu8SGXq0bcwP5dz/h0Plj6enJqjz1Zbq2l5WaqYnrVbwWOWMyF3F47g=="
        },
        "webpack-sources": {
          "version": "1.4.3",
          "resolved": "https://registry.npmjs.org/webpack-sources/-/webpack-sources-1.4.3.tgz",
          "integrity": "sha512-lgTS3Xhv1lCOKo7SA5TjKXMjpSM4sBjNV5+q2bqesbSPs5FjGmU6jjtBSkX9b4qW87vDIsCIlUPOEhbZrMdjeQ==",
          "requires": {
            "source-list-map": "^2.0.0",
            "source-map": "~0.6.1"
          }
        }
      }
    },
    "workbox-window": {
      "version": "6.5.4",
      "resolved": "https://registry.npmjs.org/workbox-window/-/workbox-window-6.5.4.tgz",
      "integrity": "sha512-HnLZJDwYBE+hpG25AQBO8RUWBJRaCsI9ksQJEp3aCOFCaG5kqaToAYXFRAHxzRluM2cQbGzdQF5rjKPWPA1fug==",
      "requires": {
        "@types/trusted-types": "^2.0.2",
        "workbox-core": "6.5.4"
      }
    },
    "wrap-ansi": {
      "version": "7.0.0",
      "resolved": "https://registry.npmjs.org/wrap-ansi/-/wrap-ansi-7.0.0.tgz",
      "integrity": "sha512-YVGIj2kamLSTxw6NsZjoBxfSwsn0ycdesmc4p+Q21c5zPuZ1pl+NfxVdxPtdHvmNVOQ6XSYG4AUtyt/Fi7D16Q==",
      "requires": {
        "ansi-styles": "^4.0.0",
        "string-width": "^4.1.0",
        "strip-ansi": "^6.0.0"
      },
      "dependencies": {
        "ansi-styles": {
          "version": "4.3.0",
          "resolved": "https://registry.npmjs.org/ansi-styles/-/ansi-styles-4.3.0.tgz",
          "integrity": "sha512-zbB9rCJAT1rbjiVDb2hqKFHNYLxgtk8NURxZ3IZwD3F6NtxbXZQCnnSi1Lkx+IDohdPlFp222wVALIheZJQSEg==",
          "requires": {
            "color-convert": "^2.0.1"
          }
        },
        "color-convert": {
          "version": "2.0.1",
          "resolved": "https://registry.npmjs.org/color-convert/-/color-convert-2.0.1.tgz",
          "integrity": "sha512-RRECPsj7iu/xb5oKYcsFHSppFNnsj/52OVTRKb4zP5onXwVF3zVmmToNcOfGC+CRDpfK/U584fMg38ZHCaElKQ==",
          "requires": {
            "color-name": "~1.1.4"
          }
        },
        "color-name": {
          "version": "1.1.4",
          "resolved": "https://registry.npmjs.org/color-name/-/color-name-1.1.4.tgz",
          "integrity": "sha512-dOy+3AuW3a2wNbZHIuMZpTcgjGuLU/uBL/ubcZF9OXbDo8ff4O8yVp5Bf0efS8uEoYo5q4Fx7dY9OgQGXgAsQA=="
        }
      }
    },
    "wrappy": {
      "version": "1.0.2",
      "resolved": "https://registry.npmjs.org/wrappy/-/wrappy-1.0.2.tgz",
      "integrity": "sha512-l4Sp/DRseor9wL6EvV2+TuQn63dMkPjZ/sp9XkghTEbV9KlPS1xUsZ3u7/IQO4wxtcFB4bgpQPRcR3QCvezPcQ=="
    },
    "write-file-atomic": {
      "version": "3.0.3",
      "resolved": "https://registry.npmjs.org/write-file-atomic/-/write-file-atomic-3.0.3.tgz",
      "integrity": "sha512-AvHcyZ5JnSfq3ioSyjrBkH9yW4m7Ayk8/9My/DD9onKeu/94fwrMocemO2QAJFAlnnDN+ZDS+ZjAR5ua1/PV/Q==",
      "requires": {
        "imurmurhash": "^0.1.4",
        "is-typedarray": "^1.0.0",
        "signal-exit": "^3.0.2",
        "typedarray-to-buffer": "^3.1.5"
      }
    },
    "ws": {
      "version": "7.5.9",
      "resolved": "https://registry.npmjs.org/ws/-/ws-7.5.9.tgz",
      "integrity": "sha512-F+P9Jil7UiSKSkppIiD94dN07AwvFixvLIj1Og1Rl9GGMuNipJnV9JzjD6XuqmAeiswGvUmNLjr5cFuXwNS77Q==",
      "requires": {}
    },
    "xml-name-validator": {
      "version": "3.0.0",
      "resolved": "https://registry.npmjs.org/xml-name-validator/-/xml-name-validator-3.0.0.tgz",
      "integrity": "sha512-A5CUptxDsvxKJEU3yO6DuWBSJz/qizqzJKOMIfUJHETbBw/sFaDxgd6fxm1ewUaM0jZ444Fc5vC5ROYurg/4Pw=="
    },
    "xmlchars": {
      "version": "2.2.0",
      "resolved": "https://registry.npmjs.org/xmlchars/-/xmlchars-2.2.0.tgz",
      "integrity": "sha512-JZnDKK8B0RCDw84FNdDAIpZK+JuJw+s7Lz8nksI7SIuU3UXJJslUthsi+uWBUYOwPFwW7W7PRLRfUKpxjtjFCw=="
    },
    "xtend": {
      "version": "4.0.2",
      "resolved": "https://registry.npmjs.org/xtend/-/xtend-4.0.2.tgz",
      "integrity": "sha512-LKYU1iAXJXUgAXn9URjiu+MWhyUXHsvfp7mcuYm9dSUKK0/CjtrUwFAxD82/mCWbtLsGjFIad0wIsod4zrTAEQ=="
    },
    "y18n": {
      "version": "5.0.8",
      "resolved": "https://registry.npmjs.org/y18n/-/y18n-5.0.8.tgz",
      "integrity": "sha512-0pfFzegeDWJHJIAmTLRP2DwHjdF5s7jo9tuztdQxAhINCdvS+3nGINqPd00AphqJR/0LhANUS6/+7SCb98YOfA=="
    },
    "yallist": {
      "version": "3.1.1",
      "resolved": "https://registry.npmjs.org/yallist/-/yallist-3.1.1.tgz",
      "integrity": "sha512-a4UGQaWPH59mOXUYnAG2ewncQS4i4F43Tv3JoAM+s2VDAmS9NsK8GpDMLrCHPksFT7h3K6TOoUNn2pb7RoXx4g=="
    },
    "yaml": {
      "version": "1.10.2",
      "resolved": "https://registry.npmjs.org/yaml/-/yaml-1.10.2.tgz",
      "integrity": "sha512-r3vXyErRCYJ7wg28yvBY5VSoAF8ZvlcW9/BwUzEtUsjvX/DKs24dIkuwjtuprwJJHsbyUbLApepYTR1BN4uHrg=="
    },
    "yargs": {
      "version": "16.2.0",
      "resolved": "https://registry.npmjs.org/yargs/-/yargs-16.2.0.tgz",
      "integrity": "sha512-D1mvvtDG0L5ft/jGWkLpG1+m0eQxOfaBvTNELraWj22wSVUMWxZUvYgJYcKh6jGGIkJFhH4IZPQhR4TKpc8mBw==",
      "requires": {
        "cliui": "^7.0.2",
        "escalade": "^3.1.1",
        "get-caller-file": "^2.0.5",
        "require-directory": "^2.1.1",
        "string-width": "^4.2.0",
        "y18n": "^5.0.5",
        "yargs-parser": "^20.2.2"
      }
    },
    "yargs-parser": {
      "version": "20.2.9",
      "resolved": "https://registry.npmjs.org/yargs-parser/-/yargs-parser-20.2.9.tgz",
      "integrity": "sha512-y11nGElTIV+CT3Zv9t7VKl+Q3hTQoT9a1Qzezhhl6Rp21gJ/IVTW7Z3y9EWXhuUBC2Shnf+DX0antecpAwSP8w=="
    },
    "yocto-queue": {
      "version": "0.1.0",
      "resolved": "https://registry.npmjs.org/yocto-queue/-/yocto-queue-0.1.0.tgz",
      "integrity": "sha512-rVksvsnNCdJ/ohGc6xgPwyN8eheCxsiLM8mxuE/t/mOVqJewPuO1miLpTHQiRgTKCLexL4MeAFVagts7HmNZ2Q=="
    }
  }
}
